
Microsoft Visual Studio Solution File, Format Version 12.00
# Visual Studio Version 17
VisualStudioVersion = 17.7.34031.279
MinimumVisualStudioVersion = 10.0.40219.1
Project("{FAE04EC0-301F-11D3-BF4B-00C04F79EFBC}") = "TicketTracker", "TicketTracker\TicketTracker.csproj", "{CCD15187-249A-4566-86E9-4E914DAAF1B8}"
EndProject
Global
	GlobalSection(SolutionConfigurationPlatforms) = preSolution
		Debug|Any CPU = Debug|Any CPU
		Release|Any CPU = Release|Any CPU
	EndGlobalSection
	GlobalSection(ProjectConfigurationPlatforms) = postSolution
		{CCD15187-249A-4566-86E9-4E914DAAF1B8}.Debug|Any CPU.ActiveCfg = Debug|Any CPU
		{CCD15187-249A-4566-86E9-4E914DAAF1B8}.Debug|Any CPU.Build.0 = Debug|Any CPU
		{CCD15187-249A-4566-86E9-4E914DAAF1B8}.Release|Any CPU.ActiveCfg = Release|Any CPU
		{CCD15187-249A-4566-86E9-4E914DAAF1B8}.Release|Any CPU.Build.0 = Release|Any CPU
	EndGlobalSection
	GlobalSection(SolutionProperties) = preSolution
		HideSolutionNode = FALSE
	EndGlobalSection
	GlobalSection(ExtensibilityGlobals) = postSolution
		SolutionGuid = {E73BFE0E-365C-4B0D-8F5D-1A2259BDCFB3}
	EndGlobalSection
EndGlobal
